
Microsoft Visual Studio Solution File, Format Version 12.00
# Visual Studio 11
Project("{FAE04EC0-301F-11D3-BF4B-00C04F79EFBC}") = "MiniCms.Web", "MiniCms.Web\MiniCms.Web.csproj", "{29AC8007-2032-47A0-8C67-0E05BD17CCE1}"
EndProject
Project("{FAE04EC0-301F-11D3-BF4B-00C04F79EFBC}") = "MiniCms.Services", "MiniCms.Services\MiniCms.Services.csproj", "{AB66C89A-5354-40D6-80C8-51F4A1CE12AB}"
EndProject
Project("{FAE04EC0-301F-11D3-BF4B-00C04F79EFBC}") = "MiniCms.Model", "MiniCms.Model\MiniCms.Model.csproj", "{02BF4A95-8A59-4913-8208-6460F67EC943}"
EndProject
Project("{FAE04EC0-301F-11D3-BF4B-00C04F79EFBC}") = "MiniCms.Tests", "MiniCms.Tests\MiniCms.Tests.csproj", "{526A7CEC-E005-4500-BCD6-E43B27EB0ADC}"
EndProject
Project("{FAE04EC0-301F-11D3-BF4B-00C04F79EFBC}") = "MiniCms.Web.Tests", "MiniCms.Web.Tests\MiniCms.Web.Tests.csproj", "{30648A1B-3D43-465F-8083-C8341C0BF538}"
EndProject
Project("{FAE04EC0-301F-11D3-BF4B-00C04F79EFBC}") = "WebApiClient", "WebApiClient\WebApiClient.csproj", "{0C9A588B-BC5D-4A46-B3AF-5C9006C0EEF4}"
EndProject
Project("{2150E333-8FDC-42A3-9474-1A3956D46DE8}") = ".nuget", ".nuget", "{1492807C-B69C-4548-ABFE-C8FC1B8CE6D0}"
	ProjectSection(SolutionItems) = preProject
		.nuget\packages.config = .nuget\packages.config
	EndProjectSection
EndProject
Global
	GlobalSection(SolutionConfigurationPlatforms) = preSolution
		Debug|Any CPU = Debug|Any CPU
		Debug|Mixed Platforms = Debug|Mixed Platforms
		Debug|x86 = Debug|x86
		Release|Any CPU = Release|Any CPU
		Release|Mixed Platforms = Release|Mixed Platforms
		Release|x86 = Release|x86
	EndGlobalSection
	GlobalSection(ProjectConfigurationPlatforms) = postSolution
		{02BF4A95-8A59-4913-8208-6460F67EC943}.Debug|Any CPU.ActiveCfg = Debug|Any CPU
		{02BF4A95-8A59-4913-8208-6460F67EC943}.Debug|Any CPU.Build.0 = Debug|Any CPU
		{02BF4A95-8A59-4913-8208-6460F67EC943}.Debug|Mixed Platforms.ActiveCfg = Debug|Any CPU
		{02BF4A95-8A59-4913-8208-6460F67EC943}.Debug|Mixed Platforms.Build.0 = Debug|Any CPU
		{02BF4A95-8A59-4913-8208-6460F67EC943}.Debug|x86.ActiveCfg = Debug|Any CPU
		{02BF4A95-8A59-4913-8208-6460F67EC943}.Release|Any CPU.ActiveCfg = Release|Any CPU
		{02BF4A95-8A59-4913-8208-6460F67EC943}.Release|Any CPU.Build.0 = Release|Any CPU
		{02BF4A95-8A59-4913-8208-6460F67EC943}.Release|Mixed Platforms.ActiveCfg = Release|Any CPU
		{02BF4A95-8A59-4913-8208-6460F67EC943}.Release|Mixed Platforms.Build.0 = Release|Any CPU
		{02BF4A95-8A59-4913-8208-6460F67EC943}.Release|x86.ActiveCfg = Release|Any CPU
		{0C9A588B-BC5D-4A46-B3AF-5C9006C0EEF4}.Debug|Any CPU.ActiveCfg = Debug|x86
		{0C9A588B-BC5D-4A46-B3AF-5C9006C0EEF4}.Debug|Mixed Platforms.ActiveCfg = Debug|x86
		{0C9A588B-BC5D-4A46-B3AF-5C9006C0EEF4}.Debug|Mixed Platforms.Build.0 = Debug|x86
		{0C9A588B-BC5D-4A46-B3AF-5C9006C0EEF4}.Debug|x86.ActiveCfg = Debug|x86
		{0C9A588B-BC5D-4A46-B3AF-5C9006C0EEF4}.Debug|x86.Build.0 = Debug|x86
		{0C9A588B-BC5D-4A46-B3AF-5C9006C0EEF4}.Release|Any CPU.ActiveCfg = Release|x86
		{0C9A588B-BC5D-4A46-B3AF-5C9006C0EEF4}.Release|Mixed Platforms.ActiveCfg = Release|x86
		{0C9A588B-BC5D-4A46-B3AF-5C9006C0EEF4}.Release|Mixed Platforms.Build.0 = Release|x86
		{0C9A588B-BC5D-4A46-B3AF-5C9006C0EEF4}.Release|x86.ActiveCfg = Release|x86
		{0C9A588B-BC5D-4A46-B3AF-5C9006C0EEF4}.Release|x86.Build.0 = Release|x86
		{29AC8007-2032-47A0-8C67-0E05BD17CCE1}.Debug|Any CPU.ActiveCfg = Debug|Any CPU
		{29AC8007-2032-47A0-8C67-0E05BD17CCE1}.Debug|Any CPU.Build.0 = Debug|Any CPU
		{29AC8007-2032-47A0-8C67-0E05BD17CCE1}.Debug|Mixed Platforms.ActiveCfg = Debug|Any CPU
		{29AC8007-2032-47A0-8C67-0E05BD17CCE1}.Debug|Mixed Platforms.Build.0 = Debug|Any CPU
		{29AC8007-2032-47A0-8C67-0E05BD17CCE1}.Debug|x86.ActiveCfg = Debug|Any CPU
		{29AC8007-2032-47A0-8C67-0E05BD17CCE1}.Release|Any CPU.ActiveCfg = Release|Any CPU
		{29AC8007-2032-47A0-8C67-0E05BD17CCE1}.Release|Any CPU.Build.0 = Release|Any CPU
		{29AC8007-2032-47A0-8C67-0E05BD17CCE1}.Release|Mixed Platforms.ActiveCfg = Release|Any CPU
		{29AC8007-2032-47A0-8C67-0E05BD17CCE1}.Release|Mixed Platforms.Build.0 = Release|Any CPU
		{29AC8007-2032-47A0-8C67-0E05BD17CCE1}.Release|x86.ActiveCfg = Release|Any CPU
		{30648A1B-3D43-465F-8083-C8341C0BF538}.Debug|Any CPU.ActiveCfg = Debug|Any CPU
		{30648A1B-3D43-465F-8083-C8341C0BF538}.Debug|Any CPU.Build.0 = Debug|Any CPU
		{30648A1B-3D43-465F-8083-C8341C0BF538}.Debug|Mixed Platforms.ActiveCfg = Debug|Any CPU
		{30648A1B-3D43-465F-8083-C8341C0BF538}.Debug|Mixed Platforms.Build.0 = Debug|Any CPU
		{30648A1B-3D43-465F-8083-C8341C0BF538}.Debug|x86.ActiveCfg = Debug|Any CPU
		{30648A1B-3D43-465F-8083-C8341C0BF538}.Release|Any CPU.ActiveCfg = Release|Any CPU
		{30648A1B-3D43-465F-8083-C8341C0BF538}.Release|Any CPU.Build.0 = Release|Any CPU
		{30648A1B-3D43-465F-8083-C8341C0BF538}.Release|Mixed Platforms.ActiveCfg = Release|Any CPU
		{30648A1B-3D43-465F-8083-C8341C0BF538}.Release|Mixed Platforms.Build.0 = Release|Any CPU
		{30648A1B-3D43-465F-8083-C8341C0BF538}.Release|x86.ActiveCfg = Release|Any CPU
		{526A7CEC-E005-4500-BCD6-E43B27EB0ADC}.Debug|Any CPU.ActiveCfg = Debug|Any CPU
		{526A7CEC-E005-4500-BCD6-E43B27EB0ADC}.Debug|Any CPU.Build.0 = Debug|Any CPU
		{526A7CEC-E005-4500-BCD6-E43B27EB0ADC}.Debug|Mixed Platforms.ActiveCfg = Debug|Any CPU
		{526A7CEC-E005-4500-BCD6-E43B27EB0ADC}.Debug|Mixed Platforms.Build.0 = Debug|Any CPU
		{526A7CEC-E005-4500-BCD6-E43B27EB0ADC}.Debug|x86.ActiveCfg = Debug|Any CPU
		{526A7CEC-E005-4500-BCD6-E43B27EB0ADC}.Release|Any CPU.ActiveCfg = Release|Any CPU
		{526A7CEC-E005-4500-BCD6-E43B27EB0ADC}.Release|Any CPU.Build.0 = Release|Any CPU
		{526A7CEC-E005-4500-BCD6-E43B27EB0ADC}.Release|Mixed Platforms.ActiveCfg = Release|Any CPU
		{526A7CEC-E005-4500-BCD6-E43B27EB0ADC}.Release|Mixed Platforms.Build.0 = Release|Any CPU
		{526A7CEC-E005-4500-BCD6-E43B27EB0ADC}.Release|x86.ActiveCfg = Release|Any CPU
		{AB66C89A-5354-40D6-80C8-51F4A1CE12AB}.Debug|Any CPU.ActiveCfg = Debug|Any CPU
		{AB66C89A-5354-40D6-80C8-51F4A1CE12AB}.Debug|Any CPU.Build.0 = Debug|Any CPU
		{AB66C89A-5354-40D6-80C8-51F4A1CE12AB}.Debug|Mixed Platforms.ActiveCfg = Debug|Any CPU
		{AB66C89A-5354-40D6-80C8-51F4A1CE12AB}.Debug|Mixed Platforms.Build.0 = Debug|Any CPU
		{AB66C89A-5354-40D6-80C8-51F4A1CE12AB}.Debug|x86.ActiveCfg = Debug|Any CPU
		{AB66C89A-5354-40D6-80C8-51F4A1CE12AB}.Release|Any CPU.ActiveCfg = Release|Any CPU
		{AB66C89A-5354-40D6-80C8-51F4A1CE12AB}.Release|Any CPU.Build.0 = Release|Any CPU
		{AB66C89A-5354-40D6-80C8-51F4A1CE12AB}.Release|Mixed Platforms.ActiveCfg = Release|Any CPU
		{AB66C89A-5354-40D6-80C8-51F4A1CE12AB}.Release|Mixed Platforms.Build.0 = Release|Any CPU
		{AB66C89A-5354-40D6-80C8-51F4A1CE12AB}.Release|x86.ActiveCfg = Release|Any CPU
	EndGlobalSection
	GlobalSection(SolutionProperties) = preSolution
		HideSolutionNode = FALSE
	EndGlobalSection
	GlobalSection(ExtensibilityGlobals) = postSolution
		EnterpriseLibraryConfigurationToolBinariesPath = packages\Unity.2.1.505.0\lib\NET35
	EndGlobalSection
EndGlobal
